
Microsoft Visual Studio Solution File, Format Version 10.00
# Visual Studio 2008
Project("{FAE04EC0-301F-11D3-BF4B-00C04F79EFBC}") = "PerfMonitor", "PerfMonitor.csproj", "{0FD5B4F4-A485-46F9-8E06-F3E5E9E793C1}"
EndProject
Project("{FAE04EC0-301F-11D3-BF4B-00C04F79EFBC}") = "TraceEvent", "..\TraceEvent\TraceEvent.csproj", "{B68F4968-A7CF-41CC-AD6E-373DB5E67944}"
EndProject
Global
	GlobalSection(SolutionConfigurationPlatforms) = preSolution
		Debug|X86 = Debug|X86
		Release|X86 = Release|X86
	EndGlobalSection
	GlobalSection(ProjectConfigurationPlatforms) = postSolution
		{0FD5B4F4-A485-46F9-8E06-F3E5E9E793C1}.Debug|X86.ActiveCfg = Debug|x86
		{0FD5B4F4-A485-46F9-8E06-F3E5E9E793C1}.Debug|X86.Build.0 = Debug|x86
		{0FD5B4F4-A485-46F9-8E06-F3E5E9E793C1}.Release|X86.ActiveCfg = Release|x86
		{0FD5B4F4-A485-46F9-8E06-F3E5E9E793C1}.Release|X86.Build.0 = Release|x86
		{B68F4968-A7CF-41CC-AD6E-373DB5E67944}.Debug|X86.ActiveCfg = Debug|Any CPU
		{B68F4968-A7CF-41CC-AD6E-373DB5E67944}.Debug|X86.Build.0 = Debug|Any CPU
		{B68F4968-A7CF-41CC-AD6E-373DB5E67944}.Release|X86.ActiveCfg = Release|Any CPU
	EndGlobalSection
	GlobalSection(SolutionProperties) = preSolution
		HideSolutionNode = FALSE
	EndGlobalSection
EndGlobal
