
Microsoft Visual Studio Solution File, Format Version 11.00
# Visual Studio 2010
Project("{FAE04EC0-301F-11D3-BF4B-00C04F79EFBC}") = "LongPathBrowser", "LongPathBrowser.csproj", "{2E2171E8-F018-4B7A-9FBB-ED7196692B44}"
EndProject
Global
	GlobalSection(SolutionConfigurationPlatforms) = preSolution
		Debug|Any CPU = Debug|Any CPU
		Release|Any CPU = Release|Any CPU
	EndGlobalSection
	GlobalSection(ProjectConfigurationPlatforms) = postSolution
		{2E2171E8-F018-4B7A-9FBB-ED7196692B44}.Debug|Any CPU.ActiveCfg = Debug|Any CPU
		{2E2171E8-F018-4B7A-9FBB-ED7196692B44}.Debug|Any CPU.Build.0 = Debug|Any CPU
		{2E2171E8-F018-4B7A-9FBB-ED7196692B44}.Release|Any CPU.ActiveCfg = Release|Any CPU
		{2E2171E8-F018-4B7A-9FBB-ED7196692B44}.Release|Any CPU.Build.0 = Release|Any CPU
	EndGlobalSection
	GlobalSection(SolutionProperties) = preSolution
		HideSolutionNode = FALSE
	EndGlobalSection
EndGlobal
