
Microsoft Visual Studio Solution File, Format Version 11.00
# Visual Studio 2010
Project("{FAE04EC0-301F-11D3-BF4B-00C04F79EFBC}") = "SampleBigRationalProgram", "SampleBigRationalProgram\SampleBigRationalProgram.csproj", "{79EC4C37-0A7F-49AB-AB21-06BEEAFB49FF}"
EndProject
Project("{FAE04EC0-301F-11D3-BF4B-00C04F79EFBC}") = "BigRationalLibrary", "..\BigRationalLibrary\BigRationalLibrary.csproj", "{C662CA62-196F-454F-B7C0-367E0BCDCAEC}"
EndProject
Global
	GlobalSection(SolutionConfigurationPlatforms) = preSolution
		Debug|Any CPU = Debug|Any CPU
		Debug|Mixed Platforms = Debug|Mixed Platforms
		Debug|x86 = Debug|x86
		Release|Any CPU = Release|Any CPU
		Release|Mixed Platforms = Release|Mixed Platforms
		Release|x86 = Release|x86
	EndGlobalSection
	GlobalSection(ProjectConfigurationPlatforms) = postSolution
		{79EC4C37-0A7F-49AB-AB21-06BEEAFB49FF}.Debug|Any CPU.ActiveCfg = Debug|x86
		{79EC4C37-0A7F-49AB-AB21-06BEEAFB49FF}.Debug|Mixed Platforms.ActiveCfg = Debug|x86
		{79EC4C37-0A7F-49AB-AB21-06BEEAFB49FF}.Debug|Mixed Platforms.Build.0 = Debug|x86
		{79EC4C37-0A7F-49AB-AB21-06BEEAFB49FF}.Debug|x86.ActiveCfg = Debug|x86
		{79EC4C37-0A7F-49AB-AB21-06BEEAFB49FF}.Debug|x86.Build.0 = Debug|x86
		{79EC4C37-0A7F-49AB-AB21-06BEEAFB49FF}.Release|Any CPU.ActiveCfg = Release|x86
		{79EC4C37-0A7F-49AB-AB21-06BEEAFB49FF}.Release|Mixed Platforms.ActiveCfg = Release|x86
		{79EC4C37-0A7F-49AB-AB21-06BEEAFB49FF}.Release|Mixed Platforms.Build.0 = Release|x86
		{79EC4C37-0A7F-49AB-AB21-06BEEAFB49FF}.Release|x86.ActiveCfg = Release|x86
		{79EC4C37-0A7F-49AB-AB21-06BEEAFB49FF}.Release|x86.Build.0 = Release|x86
		{C662CA62-196F-454F-B7C0-367E0BCDCAEC}.Debug|Any CPU.ActiveCfg = Debug|Any CPU
		{C662CA62-196F-454F-B7C0-367E0BCDCAEC}.Debug|Any CPU.Build.0 = Debug|Any CPU
		{C662CA62-196F-454F-B7C0-367E0BCDCAEC}.Debug|Mixed Platforms.ActiveCfg = Debug|Any CPU
		{C662CA62-196F-454F-B7C0-367E0BCDCAEC}.Debug|Mixed Platforms.Build.0 = Debug|Any CPU
		{C662CA62-196F-454F-B7C0-367E0BCDCAEC}.Debug|x86.ActiveCfg = Debug|Any CPU
		{C662CA62-196F-454F-B7C0-367E0BCDCAEC}.Release|Any CPU.ActiveCfg = Release|Any CPU
		{C662CA62-196F-454F-B7C0-367E0BCDCAEC}.Release|Any CPU.Build.0 = Release|Any CPU
		{C662CA62-196F-454F-B7C0-367E0BCDCAEC}.Release|Mixed Platforms.ActiveCfg = Release|Any CPU
		{C662CA62-196F-454F-B7C0-367E0BCDCAEC}.Release|Mixed Platforms.Build.0 = Release|Any CPU
		{C662CA62-196F-454F-B7C0-367E0BCDCAEC}.Release|x86.ActiveCfg = Release|Any CPU
	EndGlobalSection
	GlobalSection(SolutionProperties) = preSolution
		HideSolutionNode = FALSE
	EndGlobalSection
EndGlobal
