
Microsoft Visual Studio Solution File, Format Version 11.00
# Visual Studio 2010
Project("{FAE04EC0-301F-11D3-BF4B-00C04F79EFBC}") = "Microsoft.Experimental.IO", "Microsoft.Experimental.IO\Microsoft.Experimental.IO.csproj", "{CA6F6E13-6263-415F-A241-D4AC2C08BAB7}"
EndProject
Project("{FAE04EC0-301F-11D3-BF4B-00C04F79EFBC}") = "LongPathBrowser", "LongPathBrowser\LongPathBrowser.csproj", "{2E2171E8-F018-4B7A-9FBB-ED7196692B44}"
EndProject
Global
	GlobalSection(SolutionConfigurationPlatforms) = preSolution
		Debug|Any CPU = Debug|Any CPU
		Debug|Mixed Platforms = Debug|Mixed Platforms
		Debug|x86 = Debug|x86
		Release|Any CPU = Release|Any CPU
		Release|Mixed Platforms = Release|Mixed Platforms
		Release|x86 = Release|x86
	EndGlobalSection
	GlobalSection(ProjectConfigurationPlatforms) = postSolution
		{CA6F6E13-6263-415F-A241-D4AC2C08BAB7}.Debug|Any CPU.ActiveCfg = Debug|Any CPU
		{CA6F6E13-6263-415F-A241-D4AC2C08BAB7}.Debug|Any CPU.Build.0 = Debug|Any CPU
		{CA6F6E13-6263-415F-A241-D4AC2C08BAB7}.Debug|Mixed Platforms.ActiveCfg = Debug|Any CPU
		{CA6F6E13-6263-415F-A241-D4AC2C08BAB7}.Debug|Mixed Platforms.Build.0 = Debug|Any CPU
		{CA6F6E13-6263-415F-A241-D4AC2C08BAB7}.Debug|x86.ActiveCfg = Debug|Any CPU
		{CA6F6E13-6263-415F-A241-D4AC2C08BAB7}.Release|Any CPU.ActiveCfg = Release|Any CPU
		{CA6F6E13-6263-415F-A241-D4AC2C08BAB7}.Release|Any CPU.Build.0 = Release|Any CPU
		{CA6F6E13-6263-415F-A241-D4AC2C08BAB7}.Release|Mixed Platforms.ActiveCfg = Release|Any CPU
		{CA6F6E13-6263-415F-A241-D4AC2C08BAB7}.Release|Mixed Platforms.Build.0 = Release|Any CPU
		{CA6F6E13-6263-415F-A241-D4AC2C08BAB7}.Release|x86.ActiveCfg = Release|Any CPU
		{2E2171E8-F018-4B7A-9FBB-ED7196692B44}.Debug|Any CPU.ActiveCfg = Debug|Any CPU
		{2E2171E8-F018-4B7A-9FBB-ED7196692B44}.Debug|Any CPU.Build.0 = Debug|Any CPU
		{2E2171E8-F018-4B7A-9FBB-ED7196692B44}.Debug|Mixed Platforms.ActiveCfg = Debug|Any CPU
		{2E2171E8-F018-4B7A-9FBB-ED7196692B44}.Debug|Mixed Platforms.Build.0 = Debug|Any CPU
		{2E2171E8-F018-4B7A-9FBB-ED7196692B44}.Debug|x86.ActiveCfg = Debug|Any CPU
		{2E2171E8-F018-4B7A-9FBB-ED7196692B44}.Release|Any CPU.ActiveCfg = Release|Any CPU
		{2E2171E8-F018-4B7A-9FBB-ED7196692B44}.Release|Any CPU.Build.0 = Release|Any CPU
		{2E2171E8-F018-4B7A-9FBB-ED7196692B44}.Release|Mixed Platforms.ActiveCfg = Release|Any CPU
		{2E2171E8-F018-4B7A-9FBB-ED7196692B44}.Release|Mixed Platforms.Build.0 = Release|Any CPU
		{2E2171E8-F018-4B7A-9FBB-ED7196692B44}.Release|x86.ActiveCfg = Release|Any CPU
	EndGlobalSection
	GlobalSection(SolutionProperties) = preSolution
		HideSolutionNode = FALSE
	EndGlobalSection
EndGlobal
